
Microsoft Visual Studio Solution File, Format Version 12.00
# Visual Studio 2013
VisualStudioVersion = 12.0.21005.1
MinimumVisualStudioVersion = 10.0.40219.1
Project("{FAE04EC0-301F-11D3-BF4B-00C04F79EFBC}") = "DataRepository", "DataRepository\DataRepository.csproj", "{F276BB06-7B38-4B37-921A-3C0954F50235}"
EndProject
Project("{FAE04EC0-301F-11D3-BF4B-00C04F79EFBC}") = "UnitTests", "UnitTests\UnitTests.csproj", "{05A071FE-B531-4423-9565-8DBB56B51C1A}"
EndProject
Project("{FAE04EC0-301F-11D3-BF4B-00C04F79EFBC}") = "StrategyServices", "StrategyServices\StrategyServices.csproj", "{3F453B62-8ABF-42F0-B363-2C8FDB0E9CAD}"
EndProject
Project("{FAE04EC0-301F-11D3-BF4B-00C04F79EFBC}") = "WcfService", "WcfService\WcfService.csproj", "{7D5A66F5-BAC3-44BE-AD59-E88CB198BD70}"
EndProject
Global
	GlobalSection(SolutionConfigurationPlatforms) = preSolution
		Debug|Any CPU = Debug|Any CPU
		Release|Any CPU = Release|Any CPU
	EndGlobalSection
	GlobalSection(ProjectConfigurationPlatforms) = postSolution
		{F276BB06-7B38-4B37-921A-3C0954F50235}.Debug|Any CPU.ActiveCfg = Debug|Any CPU
		{F276BB06-7B38-4B37-921A-3C0954F50235}.Debug|Any CPU.Build.0 = Debug|Any CPU
		{F276BB06-7B38-4B37-921A-3C0954F50235}.Release|Any CPU.ActiveCfg = Release|Any CPU
		{F276BB06-7B38-4B37-921A-3C0954F50235}.Release|Any CPU.Build.0 = Release|Any CPU
		{05A071FE-B531-4423-9565-8DBB56B51C1A}.Debug|Any CPU.ActiveCfg = Debug|Any CPU
		{05A071FE-B531-4423-9565-8DBB56B51C1A}.Debug|Any CPU.Build.0 = Debug|Any CPU
		{05A071FE-B531-4423-9565-8DBB56B51C1A}.Release|Any CPU.ActiveCfg = Release|Any CPU
		{05A071FE-B531-4423-9565-8DBB56B51C1A}.Release|Any CPU.Build.0 = Release|Any CPU
		{3F453B62-8ABF-42F0-B363-2C8FDB0E9CAD}.Debug|Any CPU.ActiveCfg = Debug|Any CPU
		{3F453B62-8ABF-42F0-B363-2C8FDB0E9CAD}.Debug|Any CPU.Build.0 = Debug|Any CPU
		{3F453B62-8ABF-42F0-B363-2C8FDB0E9CAD}.Release|Any CPU.ActiveCfg = Release|Any CPU
		{3F453B62-8ABF-42F0-B363-2C8FDB0E9CAD}.Release|Any CPU.Build.0 = Release|Any CPU
		{7D5A66F5-BAC3-44BE-AD59-E88CB198BD70}.Debug|Any CPU.ActiveCfg = Debug|Any CPU
		{7D5A66F5-BAC3-44BE-AD59-E88CB198BD70}.Debug|Any CPU.Build.0 = Debug|Any CPU
		{7D5A66F5-BAC3-44BE-AD59-E88CB198BD70}.Release|Any CPU.ActiveCfg = Release|Any CPU
		{7D5A66F5-BAC3-44BE-AD59-E88CB198BD70}.Release|Any CPU.Build.0 = Release|Any CPU
	EndGlobalSection
	GlobalSection(SolutionProperties) = preSolution
		HideSolutionNode = FALSE
	EndGlobalSection
EndGlobal
